// !$*UTF8*$!
{
	archiveVersion = 1;
	classes = {
	};
	objectVersion = 56;
	objects = {

/* Begin PBXBuildFile section */
		A2DBA8DE292D5E6700FCCA75 /* AppDelegate.swift in Sources */ = {isa = PBXBuildFile; fileRef = A2DBA8DD292D5E6700FCCA75 /* AppDelegate.swift */; };
		A2DBA8E0292D5E6700FCCA75 /* SceneDelegate.swift in Sources */ = {isa = PBXBuildFile; fileRef = A2DBA8DF292D5E6700FCCA75 /* SceneDelegate.swift */; };
		A2DBA8E2292D5E6700FCCA75 /* ViewController.swift in Sources */ = {isa = PBXBuildFile; fileRef = A2DBA8E1292D5E6700FCCA75 /* ViewController.swift */; };
		A2DBA8E5292D5E6700FCCA75 /* Main.storyboard in Resources */ = {isa = PBXBuildFile; fileRef = A2DBA8E3292D5E6700FCCA75 /* Main.storyboard */; };
		A2DBA8E7292D5E6900FCCA75 /* Assets.xcassets in Resources */ = {isa = PBXBuildFile; fileRef = A2DBA8E6292D5E6900FCCA75 /* Assets.xcassets */; };
		A2DBA8EA292D5E6900FCCA75 /* LaunchScreen.storyboard in Resources */ = {isa = PBXBuildFile; fileRef = A2DBA8E8292D5E6900FCCA75 /* LaunchScreen.storyboard */; };
		A2DBA8F2292D61A100FCCA75 /* loud_bang.mp3 in Resources */ = {isa = PBXBuildFile; fileRef = A2DBA8F1292D61A100FCCA75 /* loud_bang.mp3 */; };
		A2DBA8F5292D713700FCCA75 /* AVKit.framework in Frameworks */ = {isa = PBXBuildFile; fileRef = A2DBA8F4292D713600FCCA75 /* AVKit.framework */; };
		A2DBA8F7292D713E00FCCA75 /* AVFoundation.framework in Frameworks */ = {isa = PBXBuildFile; fileRef = A2DBA8F6292D713E00FCCA75 /* AVFoundation.framework */; };
/* End PBXBuildFile section */

/* Begin PBXFileReference section */
		A2DBA8DA292D5E6700FCCA75 /* Practica2.app */ = {isa = PBXFileReference; explicitFileType = wrapper.application; includeInIndex = 0; path = Practica2.app; sourceTree = BUILT_PRODUCTS_DIR; };
		A2DBA8DD292D5E6700FCCA75 /* AppDelegate.swift */ = {isa = PBXFileReference; lastKnownFileType = sourcecode.swift; path = AppDelegate.swift; sourceTree = "<group>"; };
		A2DBA8DF292D5E6700FCCA75 /* SceneDelegate.swift */ = {isa = PBXFileReference; lastKnownFileType = sourcecode.swift; path = SceneDelegate.swift; sourceTree = "<group>"; };
		A2DBA8E1292D5E6700FCCA75 /* ViewController.swift */ = {isa = PBXFileReference; lastKnownFileType = sourcecode.swift; path = ViewController.swift; sourceTree = "<group>"; };
		A2DBA8E4292D5E6700FCCA75 /* Base */ = {isa = PBXFileReference; lastKnownFileType = file.storyboard; name = Base; path = Base.lproj/Main.storyboard; sourceTree = "<group>"; };
		A2DBA8E6292D5E6900FCCA75 /* Assets.xcassets */ = {isa = PBXFileReference; lastKnownFileType = folder.assetcatalog; path = Assets.xcassets; sourceTree = "<group>"; };
		A2DBA8E9292D5E6900FCCA75 /* Base */ = {isa = PBXFileReference; lastKnownFileType = file.storyboard; name = Base; path = Base.lproj/LaunchScreen.storyboard; sourceTree = "<group>"; };
		A2DBA8EB292D5E6900FCCA75 /* Info.plist */ = {isa = PBXFileReference; lastKnownFileType = text.plist.xml; path = Info.plist; sourceTree = "<group>"; };
		A2DBA8F1292D61A100FCCA75 /* loud_bang.mp3 */ = {isa = PBXFileReference; lastKnownFileType = audio.mp3; path = loud_bang.mp3; sourceTree = "<group>"; };
		A2DBA8F4292D713600FCCA75 /* AVKit.framework */ = {isa = PBXFileReference; lastKnownFileType = wrapper.framework; name = AVKit.framework; path = System/Library/Frameworks/AVKit.framework; sourceTree = SDKROOT; };
		A2DBA8F6292D713E00FCCA75 /* AVFoundation.framework */ = {isa = PBXFileReference; lastKnownFileType = wrapper.framework; name = AVFoundation.framework; path = System/Library/Frameworks/AVFoundation.framework; sourceTree = SDKROOT; };
/* End PBXFileReference section */

/* Begin PBXFrameworksBuildPhase section */
		A2DBA8D7292D5E6700FCCA75 /* Frameworks */ = {
			isa = PBXFrameworksBuildPhase;
			buildActionMask = 2147483647;
			files = (
				A2DBA8F7292D713E00FCCA75 /* AVFoundation.framework in Frameworks */,
				A2DBA8F5292D713700FCCA75 /* AVKit.framework in Frameworks */,
			);
			runOnlyForDeploymentPostprocessing = 0;
		};
/* End PBXFrameworksBuildPhase section */

/* Begin PBXGroup section */
		A2DBA8D1292D5E6700FCCA75 = {
			isa = PBXGroup;
			children = (
				A2DBA8DC292D5E6700FCCA75 /* Practica2 */,
				A2DBA8DB292D5E6700FCCA75 /* Products */,
				A2DBA8F3292D713600FCCA75 /* Frameworks */,
			);
			sourceTree = "<group>";
		};
		A2DBA8DB292D5E6700FCCA75 /* Products */ = {
			isa = PBXGroup;
			children = (
				A2DBA8DA292D5E6700FCCA75 /* Practica2.app */,
			);
			name = Products;
			sourceTree = "<group>";
		};
		A2DBA8DC292D5E6700FCCA75 /* Practica2 */ = {
			isa = PBXGroup;
			children = (
				A2DBA8F1292D61A100FCCA75 /* loud_bang.mp3 */,
				A2DBA8DD292D5E6700FCCA75 /* AppDelegate.swift */,
				A2DBA8DF292D5E6700FCCA75 /* SceneDelegate.swift */,
				A2DBA8E1292D5E6700FCCA75 /* ViewController.swift */,
				A2DBA8E3292D5E6700FCCA75 /* Main.storyboard */,
				A2DBA8E6292D5E6900FCCA75 /* Assets.xcassets */,
				A2DBA8E8292D5E6900FCCA75 /* LaunchScreen.storyboard */,
				A2DBA8EB292D5E6900FCCA75 /* Info.plist */,
			);
			path = Practica2;
			sourceTree = "<group>";
		};
		A2DBA8F3292D713600FCCA75 /* Frameworks */ = {
			isa = PBXGroup;
			children = (
				A2DBA8F6292D713E00FCCA75 /* AVFoundation.framework */,
				A2DBA8F4292D713600FCCA75 /* AVKit.framework */,
			);
			name = Frameworks;
			sourceTree = "<group>";
		};
/* End PBXGroup section */

/* Begin PBXNativeTarget section */
		A2DBA8D9292D5E6700FCCA75 /* Practica2 */ = {
			isa = PBXNativeTarget;
			buildConfigurationList = A2DBA8EE292D5E6900FCCA75 /* Build configuration list for PBXNativeTarget "Practica2" */;
			buildPhases = (
				A2DBA8D6292D5E6700FCCA75 /* Sources */,
				A2DBA8D7292D5E6700FCCA75 /* Frameworks */,
				A2DBA8D8292D5E6700FCCA75 /* Resources */,
			);
			buildRules = (
			);
			dependencies = (
			);
			name = Practica2;
			productName = Practica2;
			productReference = A2DBA8DA292D5E6700FCCA75 /* Practica2.app */;
			productType = "com.apple.product-type.application";
		};
/* End PBXNativeTarget section */

/* Begin PBXProject section */
		A2DBA8D2292D5E6700FCCA75 /* Project object */ = {
			isa = PBXProject;
			attributes = {
				BuildIndependentTargetsInParallel = 1;
				LastSwiftUpdateCheck = 1410;
				LastUpgradeCheck = 1410;
				TargetAttributes = {
					A2DBA8D9292D5E6700FCCA75 = {
						CreatedOnToolsVersion = 14.1;
					};
				};
			};
			buildConfigurationList = A2DBA8D5292D5E6700FCCA75 /* Build configuration list for PBXProject "Practica2" */;
			compatibilityVersion = "Xcode 14.0";
			developmentRegion = en;
			hasScannedForEncodings = 0;
			knownRegions = (
				en,
				Base,
			);
			mainGroup = A2DBA8D1292D5E6700FCCA75;
			productRefGroup = A2DBA8DB292D5E6700FCCA75 /* Products */;
			projectDirPath = "";
			projectRoot = "";
			targets = (
				A2DBA8D9292D5E6700FCCA75 /* Practica2 */,
			);
		};
/* End PBXProject section */

/* Begin PBXResourcesBuildPhase section */
		A2DBA8D8292D5E6700FCCA75 /* Resources */ = {
			isa = PBXResourcesBuildPhase;
			buildActionMask = 2147483647;
			files = (
				A2DBA8EA292D5E6900FCCA75 /* LaunchScreen.storyboard in Resources */,
				A2DBA8E7292D5E6900FCCA75 /* Assets.xcassets in Resources */,
				A2DBA8F2292D61A100FCCA75 /* loud_bang.mp3 in Resources */,
				A2DBA8E5292D5E6700FCCA75 /* Main.storyboard in Resources */,
			);
			runOnlyForDeploymentPostprocessing = 0;
		};
/* End PBXResourcesBuildPhase section */

/* Begin PBXSourcesBuildPhase section */
		A2DBA8D6292D5E6700FCCA75 /* Sources */ = {
			isa = PBXSourcesBuildPhase;
			buildActionMask = 2147483647;
			files = (
				A2DBA8E2292D5E6700FCCA75 /* ViewController.swift in Sources */,
				A2DBA8DE292D5E6700FCCA75 /* AppDelegate.swift in Sources */,
				A2DBA8E0292D5E6700FCCA75 /* SceneDelegate.swift in Sources */,
			);
			runOnlyForDeploymentPostprocessing = 0;
		};
/* End PBXSourcesBuildPhase section */

/* Begin PBXVariantGroup section */
		A2DBA8E3292D5E6700FCCA75 /* Main.storyboard */ = {
			isa = PBXVariantGroup;
			children = (
				A2DBA8E4292D5E6700FCCA75 /* Base */,
			);
			name = Main.storyboard;
			sourceTree = "<group>";
		};
		A2DBA8E8292D5E6900FCCA75 /* LaunchScreen.storyboard */ = {
			isa = PBXVariantGroup;
			children = (
				A2DBA8E9292D5E6900FCCA75 /* Base */,
			);
			name = LaunchScreen.storyboard;
			sourceTree = "<group>";
		};
/* End PBXVariantGroup section */

/* Begin XCBuildConfiguration section */
		A2DBA8EC292D5E6900FCCA75 /* Debug */ = {
			isa = XCBuildConfiguration;
			buildSettings = {
				ALWAYS_SEARCH_USER_PATHS = NO;
				CLANG_ANALYZER_NONNULL = YES;
				CLANG_ANALYZER_NUMBER_OBJECT_CONVERSION = YES_AGGRESSIVE;
				CLANG_CXX_LANGUAGE_STANDARD = "gnu++20";
				CLANG_ENABLE_MODULES = YES;
				CLANG_ENABLE_OBJC_ARC = YES;
				CLANG_ENABLE_OBJC_WEAK = YES;
				CLANG_WARN_BLOCK_CAPTURE_AUTORELEASING = YES;
				CLANG_WARN_BOOL_CONVERSION = YES;
				CLANG_WARN_COMMA = YES;
				CLANG_WARN_CONSTANT_CONVERSION = YES;
				CLANG_WARN_DEPRECATED_OBJC_IMPLEMENTATIONS = YES;
				CLANG_WARN_DIRECT_OBJC_ISA_USAGE = YES_ERROR;
				CLANG_WARN_DOCUMENTATION_COMMENTS = YES;
				CLANG_WARN_EMPTY_BODY = YES;
				CLANG_WARN_ENUM_CONVERSION = YES;
				CLANG_WARN_INFINITE_RECURSION = YES;
				CLANG_WARN_INT_CONVERSION = YES;
				CLANG_WARN_NON_LITERAL_NULL_CONVERSION = YES;
				CLANG_WARN_OBJC_IMPLICIT_RETAIN_SELF = YES;
				CLANG_WARN_OBJC_LITERAL_CONVERSION = YES;
				CLANG_WARN_OBJC_ROOT_CLASS = YES_ERROR;
				CLANG_WARN_QUOTED_INCLUDE_IN_FRAMEWORK_HEADER = YES;
				CLANG_WARN_RANGE_LOOP_ANALYSIS = YES;
				CLANG_WARN_STRICT_PROTOTYPES = YES;
				CLANG_WARN_SUSPICIOUS_MOVE = YES;
				CLANG_WARN_UNGUARDED_AVAILABILITY = YES_AGGRESSIVE;
				CLANG_WARN_UNREACHABLE_CODE = YES;
				CLANG_WARN__DUPLICATE_METHOD_MATCH = YES;
				COPY_PHASE_STRIP = NO;
				DEBUG_INFORMATION_FORMAT = dwarf;
				ENABLE_STRICT_OBJC_MSGSEND = YES;
				ENABLE_TESTABILITY = YES;
				GCC_C_LANGUAGE_STANDARD = gnu11;
				GCC_DYNAMIC_NO_PIC = NO;
				GCC_NO_COMMON_BLOCKS = YES;
				GCC_OPTIMIZATION_LEVEL = 0;
				GCC_PREPROCESSOR_DEFINITIONS = (
					"DEBUG=1",
					"$(inherited)",
				);
				GCC_WARN_64_TO_32_BIT_CONVERSION = YES;
				GCC_WARN_ABOUT_RETURN_TYPE = YES_ERROR;
				GCC_WARN_UNDECLARED_SELECTOR = YES;
				GCC_WARN_UNINITIALIZED_AUTOS = YES_AGGRESSIVE;
				GCC_WARN_UNUSED_FUNCTION = YES;
				GCC_WARN_UNUSED_VARIABLE = YES;
				IPHONEOS_DEPLOYMENT_TARGET = 16.1;
				MTL_ENABLE_DEBUG_INFO = INCLUDE_SOURCE;
				MTL_FAST_MATH = YES;
				ONLY_ACTIVE_ARCH = YES;
				SDKROOT = iphoneos;
				SWIFT_ACTIVE_COMPILATION_CONDITIONS = DEBUG;
				SWIFT_OPTIMIZATION_LEVEL = "-Onone";
			};
			name = Debug;
		};
		A2DBA8ED292D5E6900FCCA75 /* Release */ = {
			isa = XCBuildConfiguration;
			buildSettings = {
				ALWAYS_SEARCH_USER_PATHS = NO;
				CLANG_ANALYZER_NONNULL = YES;
				CLANG_ANALYZER_NUMBER_OBJECT_CONVERSION = YES_AGGRESSIVE;
				CLANG_CXX_LANGUAGE_STANDARD = "gnu++20";
				CLANG_ENABLE_MODULES = YES;
				CLANG_ENABLE_OBJC_ARC = YES;
				CLANG_ENABLE_OBJC_WEAK = YES;
				CLANG_WARN_BLOCK_CAPTURE_AUTORELEASING = YES;
				CLANG_WARN_BOOL_CONVERSION = YES;
				CLANG_WARN_COMMA = YES;
				CLANG_WARN_CONSTANT_CONVERSION = YES;
				CLANG_WARN_DEPRECATED_OBJC_IMPLEMENTATIONS = YES;
				CLANG_WARN_DIRECT_OBJC_ISA_USAGE = YES_ERROR;
				CLANG_WARN_DOCUMENTATION_COMMENTS = YES;
				CLANG_WARN_EMPTY_BODY = YES;
				CLANG_WARN_ENUM_CONVERSION = YES;
				CLANG_WARN_INFINITE_RECURSION = YES;
				CLANG_WARN_INT_CONVERSION = YES;
				CLANG_WARN_NON_LITERAL_NULL_CONVERSION = YES;
				CLANG_WARN_OBJC_IMPLICIT_RETAIN_SELF = YES;
				CLANG_WARN_OBJC_LITERAL_CONVERSION = YES;
				CLANG_WARN_OBJC_ROOT_CLASS = YES_ERROR;
				CLANG_WARN_QUOTED_INCLUDE_IN_FRAMEWORK_HEADER = YES;
				CLANG_WARN_RANGE_LOOP_ANALYSIS = YES;
				CLANG_WARN_STRICT_PROTOTYPES = YES;
				CLANG_WARN_SUSPICIOUS_MOVE = YES;
				CLANG_WARN_UNGUARDED_AVAILABILITY = YES_AGGRESSIVE;
				CLANG_WARN_UNREACHABLE_CODE = YES;
				CLANG_WARN__DUPLICATE_METHOD_MATCH = YES;
				COPY_PHASE_STRIP = NO;
				DEBUG_INFORMATION_FORMAT = "dwarf-with-dsym";
				ENABLE_NS_ASSERTIONS = NO;
				ENABLE_STRICT_OBJC_MSGSEND = YES;
				GCC_C_LANGUAGE_STANDARD = gnu11;
				GCC_NO_COMMON_BLOCKS = YES;
				GCC_WARN_64_TO_32_BIT_CONVERSION = YES;
				GCC_WARN_ABOUT_RETURN_TYPE = YES_ERROR;
				GCC_WARN_UNDECLARED_SELECTOR = YES;
				GCC_WARN_UNINITIALIZED_AUTOS = YES_AGGRESSIVE;
				GCC_WARN_UNUSED_FUNCTION = YES;
				GCC_WARN_UNUSED_VARIABLE = YES;
				IPHONEOS_DEPLOYMENT_TARGET = 16.1;
				MTL_ENABLE_DEBUG_INFO = NO;
				MTL_FAST_MATH = YES;
				SDKROOT = iphoneos;
				SWIFT_COMPILATION_MODE = wholemodule;
				SWIFT_OPTIMIZATION_LEVEL = "-O";
				VALIDATE_PRODUCT = YES;
			};
			name = Release;
		};
		A2DBA8EF292D5E6900FCCA75 /* Debug */ = {
			isa = XCBuildConfiguration;
			buildSettings = {
				ASSETCATALOG_COMPILER_APPICON_NAME = AppIcon;
				ASSETCATALOG_COMPILER_GLOBAL_ACCENT_COLOR_NAME = AccentColor;
				CODE_SIGN_STYLE = Automatic;
				CURRENT_PROJECT_VERSION = 1;
				DEVELOPMENT_TEAM = GD6XG3RZ35;
				GENERATE_INFOPLIST_FILE = YES;
				INFOPLIST_FILE = Practica2/Info.plist;
				INFOPLIST_KEY_UIApplicationSupportsIndirectInputEvents = YES;
				INFOPLIST_KEY_UILaunchStoryboardName = LaunchScreen;
				INFOPLIST_KEY_UIMainStoryboardFile = Main;
				INFOPLIST_KEY_UISupportedInterfaceOrientations_iPad = "UIInterfaceOrientationPortrait UIInterfaceOrientationPortraitUpsideDown UIInterfaceOrientationLandscapeLeft UIInterfaceOrientationLandscapeRight";
				INFOPLIST_KEY_UISupportedInterfaceOrientations_iPhone = "UIInterfaceOrientationPortrait UIInterfaceOrientationLandscapeLeft UIInterfaceOrientationLandscapeRight";
				LD_RUNPATH_SEARCH_PATHS = (
					"$(inherited)",
					"@executable_path/Frameworks",
				);
				MARKETING_VERSION = 1.0;
				PRODUCT_BUNDLE_IDENTIFIER = com.diploiosavanzado.practicas.Practica2;
				PRODUCT_NAME = "$(TARGET_NAME)";
				SWIFT_EMIT_LOC_STRINGS = YES;
				SWIFT_VERSION = 5.0;
				TARGETED_DEVICE_FAMILY = "1,2";
			};
			name = Debug;
		};
		A2DBA8F0292D5E6900FCCA75 /* Release */ = {
			isa = XCBuildConfiguration;
			buildSettings = {
				ASSETCATALOG_COMPILER_APPICON_NAME = AppIcon;
				ASSETCATALOG_COMPILER_GLOBAL_ACCENT_COLOR_NAME = AccentColor;
				CODE_SIGN_STYLE = Automatic;
				CURRENT_PROJECT_VERSION = 1;
				DEVELOPMENT_TEAM = GD6XG3RZ35;
				GENERATE_INFOPLIST_FILE = YES;
				INFOPLIST_FILE = Practica2/Info.plist;
				INFOPLIST_KEY_UIApplicationSupportsIndirectInputEvents = YES;
				INFOPLIST_KEY_UILaunchStoryboardName = LaunchScreen;
				INFOPLIST_KEY_UIMainStoryboardFile = Main;
				INFOPLIST_KEY_UISupportedInterfaceOrientations_iPad = "UIInterfaceOrientationPortrait UIInterfaceOrientationPortraitUpsideDown UIInterfaceOrientationLandscapeLeft UIInterfaceOrientationLandscapeRight";
				INFOPLIST_KEY_UISupportedInterfaceOrientations_iPhone = "UIInterfaceOrientationPortrait UIInterfaceOrientationLandscapeLeft UIInterfaceOrientationLandscapeRight";
				LD_RUNPATH_SEARCH_PATHS = (
					"$(inherited)",
					"@executable_path/Frameworks",
				);
				MARKETING_VERSION = 1.0;
				PRODUCT_BUNDLE_IDENTIFIER = com.diploiosavanzado.practicas.Practica2;
				PRODUCT_NAME = "$(TARGET_NAME)";
				SWIFT_EMIT_LOC_STRINGS = YES;
				SWIFT_VERSION = 5.0;
				TARGETED_DEVICE_FAMILY = "1,2";
			};
			name = Release;
		};
/* End XCBuildConfiguration section */

/* Begin XCConfigurationList section */
		A2DBA8D5292D5E6700FCCA75 /* Build configuration list for PBXProject "Practica2" */ = {
			isa = XCConfigurationList;
			buildConfigurations = (
				A2DBA8EC292D5E6900FCCA75 /* Debug */,
				A2DBA8ED292D5E6900FCCA75 /* Release */,
			);
			defaultConfigurationIsVisible = 0;
			defaultConfigurationName = Release;
		};
		A2DBA8EE292D5E6900FCCA75 /* Build configuration list for PBXNativeTarget "Practica2" */ = {
			isa = XCConfigurationList;
			buildConfigurations = (
				A2DBA8EF292D5E6900FCCA75 /* Debug */,
				A2DBA8F0292D5E6900FCCA75 /* Release */,
			);
			defaultConfigurationIsVisible = 0;
			defaultConfigurationName = Release;
		};
/* End XCConfigurationList section */
	};
	rootObject = A2DBA8D2292D5E6700FCCA75 /* Project object */;
}
